
Microsoft Visual Studio Solution File, Format Version 12.00
# Visual Studio Version 17
VisualStudioVersion = 17.4.33213.308
MinimumVisualStudioVersion = 10.0.40219.1
Project("{FAE04EC0-301F-11D3-BF4B-00C04F79EFBC}") = "App9.Android", "App9\App9.Android\App9.Android.csproj", "{1CA08A50-FEEE-4D7C-BBC7-D10F6F904DEE}"
EndProject
Project("{FAE04EC0-301F-11D3-BF4B-00C04F79EFBC}") = "App9.iOS", "App9\App9.iOS\App9.iOS.csproj", "{A74713E0-7D7A-47CF-BA17-EB3DAE133A7D}"
EndProject
Project("{FAE04EC0-301F-11D3-BF4B-00C04F79EFBC}") = "App9", "App9\App9\App9.csproj", "{DE4AB1A7-D128-4A49-989B-13DBFF8A279C}"
EndProject
Global
	GlobalSection(SolutionConfigurationPlatforms) = preSolution
		Debug|Any CPU = Debug|Any CPU
		Debug|iPhone = Debug|iPhone
		Debug|iPhoneSimulator = Debug|iPhoneSimulator
		Release|Any CPU = Release|Any CPU
		Release|iPhone = Release|iPhone
		Release|iPhoneSimulator = Release|iPhoneSimulator
	EndGlobalSection
	GlobalSection(ProjectConfigurationPlatforms) = postSolution
		{1CA08A50-FEEE-4D7C-BBC7-D10F6F904DEE}.Debug|Any CPU.ActiveCfg = Debug|Any CPU
		{1CA08A50-FEEE-4D7C-BBC7-D10F6F904DEE}.Debug|Any CPU.Build.0 = Debug|Any CPU
		{1CA08A50-FEEE-4D7C-BBC7-D10F6F904DEE}.Debug|Any CPU.Deploy.0 = Debug|Any CPU
		{1CA08A50-FEEE-4D7C-BBC7-D10F6F904DEE}.Debug|iPhone.ActiveCfg = Debug|Any CPU
		{1CA08A50-FEEE-4D7C-BBC7-D10F6F904DEE}.Debug|iPhone.Build.0 = Debug|Any CPU
		{1CA08A50-FEEE-4D7C-BBC7-D10F6F904DEE}.Debug|iPhone.Deploy.0 = Debug|Any CPU
		{1CA08A50-FEEE-4D7C-BBC7-D10F6F904DEE}.Debug|iPhoneSimulator.ActiveCfg = Debug|Any CPU
		{1CA08A50-FEEE-4D7C-BBC7-D10F6F904DEE}.Debug|iPhoneSimulator.Build.0 = Debug|Any CPU
		{1CA08A50-FEEE-4D7C-BBC7-D10F6F904DEE}.Debug|iPhoneSimulator.Deploy.0 = Debug|Any CPU
		{1CA08A50-FEEE-4D7C-BBC7-D10F6F904DEE}.Release|Any CPU.ActiveCfg = Release|Any CPU
		{1CA08A50-FEEE-4D7C-BBC7-D10F6F904DEE}.Release|Any CPU.Build.0 = Release|Any CPU
		{1CA08A50-FEEE-4D7C-BBC7-D10F6F904DEE}.Release|Any CPU.Deploy.0 = Release|Any CPU
		{1CA08A50-FEEE-4D7C-BBC7-D10F6F904DEE}.Release|iPhone.ActiveCfg = Release|Any CPU
		{1CA08A50-FEEE-4D7C-BBC7-D10F6F904DEE}.Release|iPhone.Build.0 = Release|Any CPU
		{1CA08A50-FEEE-4D7C-BBC7-D10F6F904DEE}.Release|iPhone.Deploy.0 = Release|Any CPU
		{1CA08A50-FEEE-4D7C-BBC7-D10F6F904DEE}.Release|iPhoneSimulator.ActiveCfg = Release|Any CPU
		{1CA08A50-FEEE-4D7C-BBC7-D10F6F904DEE}.Release|iPhoneSimulator.Build.0 = Release|Any CPU
		{1CA08A50-FEEE-4D7C-BBC7-D10F6F904DEE}.Release|iPhoneSimulator.Deploy.0 = Release|Any CPU
		{A74713E0-7D7A-47CF-BA17-EB3DAE133A7D}.Debug|Any CPU.ActiveCfg = Debug|iPhone
		{A74713E0-7D7A-47CF-BA17-EB3DAE133A7D}.Debug|Any CPU.Build.0 = Debug|iPhone
		{A74713E0-7D7A-47CF-BA17-EB3DAE133A7D}.Debug|Any CPU.Deploy.0 = Debug|iPhone
		{A74713E0-7D7A-47CF-BA17-EB3DAE133A7D}.Debug|iPhone.ActiveCfg = Debug|iPhone
		{A74713E0-7D7A-47CF-BA17-EB3DAE133A7D}.Debug|iPhone.Build.0 = Debug|iPhone
		{A74713E0-7D7A-47CF-BA17-EB3DAE133A7D}.Debug|iPhone.Deploy.0 = Debug|iPhone
		{A74713E0-7D7A-47CF-BA17-EB3DAE133A7D}.Debug|iPhoneSimulator.ActiveCfg = Debug|iPhoneSimulator
		{A74713E0-7D7A-47CF-BA17-EB3DAE133A7D}.Debug|iPhoneSimulator.Build.0 = Debug|iPhoneSimulator
		{A74713E0-7D7A-47CF-BA17-EB3DAE133A7D}.Debug|iPhoneSimulator.Deploy.0 = Debug|iPhoneSimulator
		{A74713E0-7D7A-47CF-BA17-EB3DAE133A7D}.Release|Any CPU.ActiveCfg = Release|iPhoneSimulator
		{A74713E0-7D7A-47CF-BA17-EB3DAE133A7D}.Release|Any CPU.Build.0 = Release|iPhoneSimulator
		{A74713E0-7D7A-47CF-BA17-EB3DAE133A7D}.Release|Any CPU.Deploy.0 = Release|iPhoneSimulator
		{A74713E0-7D7A-47CF-BA17-EB3DAE133A7D}.Release|iPhone.ActiveCfg = Release|iPhone
		{A74713E0-7D7A-47CF-BA17-EB3DAE133A7D}.Release|iPhone.Build.0 = Release|iPhone
		{A74713E0-7D7A-47CF-BA17-EB3DAE133A7D}.Release|iPhone.Deploy.0 = Release|iPhone
		{A74713E0-7D7A-47CF-BA17-EB3DAE133A7D}.Release|iPhoneSimulator.ActiveCfg = Release|iPhoneSimulator
		{A74713E0-7D7A-47CF-BA17-EB3DAE133A7D}.Release|iPhoneSimulator.Build.0 = Release|iPhoneSimulator
		{A74713E0-7D7A-47CF-BA17-EB3DAE133A7D}.Release|iPhoneSimulator.Deploy.0 = Release|iPhoneSimulator
		{DE4AB1A7-D128-4A49-989B-13DBFF8A279C}.Debug|Any CPU.ActiveCfg = Debug|Any CPU
		{DE4AB1A7-D128-4A49-989B-13DBFF8A279C}.Debug|Any CPU.Build.0 = Debug|Any CPU
		{DE4AB1A7-D128-4A49-989B-13DBFF8A279C}.Debug|Any CPU.Deploy.0 = Debug|Any CPU
		{DE4AB1A7-D128-4A49-989B-13DBFF8A279C}.Debug|iPhone.ActiveCfg = Debug|Any CPU
		{DE4AB1A7-D128-4A49-989B-13DBFF8A279C}.Debug|iPhone.Build.0 = Debug|Any CPU
		{DE4AB1A7-D128-4A49-989B-13DBFF8A279C}.Debug|iPhone.Deploy.0 = Debug|Any CPU
		{DE4AB1A7-D128-4A49-989B-13DBFF8A279C}.Debug|iPhoneSimulator.ActiveCfg = Debug|Any CPU
		{DE4AB1A7-D128-4A49-989B-13DBFF8A279C}.Debug|iPhoneSimulator.Build.0 = Debug|Any CPU
		{DE4AB1A7-D128-4A49-989B-13DBFF8A279C}.Debug|iPhoneSimulator.Deploy.0 = Debug|Any CPU
		{DE4AB1A7-D128-4A49-989B-13DBFF8A279C}.Release|Any CPU.ActiveCfg = Release|Any CPU
		{DE4AB1A7-D128-4A49-989B-13DBFF8A279C}.Release|Any CPU.Build.0 = Release|Any CPU
		{DE4AB1A7-D128-4A49-989B-13DBFF8A279C}.Release|Any CPU.Deploy.0 = Release|Any CPU
		{DE4AB1A7-D128-4A49-989B-13DBFF8A279C}.Release|iPhone.ActiveCfg = Release|Any CPU
		{DE4AB1A7-D128-4A49-989B-13DBFF8A279C}.Release|iPhone.Build.0 = Release|Any CPU
		{DE4AB1A7-D128-4A49-989B-13DBFF8A279C}.Release|iPhone.Deploy.0 = Release|Any CPU
		{DE4AB1A7-D128-4A49-989B-13DBFF8A279C}.Release|iPhoneSimulator.ActiveCfg = Release|Any CPU
		{DE4AB1A7-D128-4A49-989B-13DBFF8A279C}.Release|iPhoneSimulator.Build.0 = Release|Any CPU
		{DE4AB1A7-D128-4A49-989B-13DBFF8A279C}.Release|iPhoneSimulator.Deploy.0 = Release|Any CPU
	EndGlobalSection
	GlobalSection(SolutionProperties) = preSolution
		HideSolutionNode = FALSE
	EndGlobalSection
	GlobalSection(ExtensibilityGlobals) = postSolution
		SolutionGuid = {3D4E0ADE-CAD4-4785-A1BC-B3877E3519DD}
	EndGlobalSection
EndGlobal
